
Microsoft Visual Studio Solution File, Format Version 12.00
# Visual Studio Version 17
VisualStudioVersion = 17.14.36717.8 d17.14
MinimumVisualStudioVersion = 10.0.40219.1
Project("{FAE04EC0-301F-11D3-BF4B-00C04F79EFBC}") = "PastaVisual", "PastaVisual\PastaVisual.csproj", "{69502F2F-485C-4BC4-AE6F-32A916F5B6B0}"
EndProject
Global
	GlobalSection(SolutionConfigurationPlatforms) = preSolution
		Debug|Any CPU = Debug|Any CPU
		Release|Any CPU = Release|Any CPU
	EndGlobalSection
	GlobalSection(ProjectConfigurationPlatforms) = postSolution
		{69502F2F-485C-4BC4-AE6F-32A916F5B6B0}.Debug|Any CPU.ActiveCfg = Debug|Any CPU
		{69502F2F-485C-4BC4-AE6F-32A916F5B6B0}.Debug|Any CPU.Build.0 = Debug|Any CPU
		{69502F2F-485C-4BC4-AE6F-32A916F5B6B0}.Release|Any CPU.ActiveCfg = Release|Any CPU
		{69502F2F-485C-4BC4-AE6F-32A916F5B6B0}.Release|Any CPU.Build.0 = Release|Any CPU
	EndGlobalSection
	GlobalSection(SolutionProperties) = preSolution
		HideSolutionNode = FALSE
	EndGlobalSection
	GlobalSection(ExtensibilityGlobals) = postSolution
		SolutionGuid = {B719EE12-63DB-46AC-ABED-A1DCBF892E0F}
	EndGlobalSection
EndGlobal
